
Microsoft Visual Studio Solution File, Format Version 12.00
# Visual Studio 15
VisualStudioVersion = 15.0.28010.2041
MinimumVisualStudioVersion = 10.0.40219.1
Project("{FAE04EC0-301F-11D3-BF4B-00C04F79EFBC}") = "Primer.Examen.PrograwebAvanzadaServicio", "Primer.Examen.PrograwebAvanzadaServicio\Primer.Examen.PrograwebAvanzadaServicio.csproj", "{FD62E27E-5FE8-488F-B93A-CE773C2B1BF2}"
EndProject
Project("{FAE04EC0-301F-11D3-BF4B-00C04F79EFBC}") = "Primer.Examen.PrograwebAvanzadaTest", "Primer.Examen.PrograwebAvanzadaTest\Primer.Examen.PrograwebAvanzadaTest.csproj", "{19B3428B-AAA6-4224-9E67-2C496242B7A3}"
EndProject
Global
	GlobalSection(SolutionConfigurationPlatforms) = preSolution
		Debug|Any CPU = Debug|Any CPU
		Release|Any CPU = Release|Any CPU
	EndGlobalSection
	GlobalSection(ProjectConfigurationPlatforms) = postSolution
		{FD62E27E-5FE8-488F-B93A-CE773C2B1BF2}.Debug|Any CPU.ActiveCfg = Debug|Any CPU
		{FD62E27E-5FE8-488F-B93A-CE773C2B1BF2}.Debug|Any CPU.Build.0 = Debug|Any CPU
		{FD62E27E-5FE8-488F-B93A-CE773C2B1BF2}.Release|Any CPU.ActiveCfg = Release|Any CPU
		{FD62E27E-5FE8-488F-B93A-CE773C2B1BF2}.Release|Any CPU.Build.0 = Release|Any CPU
		{19B3428B-AAA6-4224-9E67-2C496242B7A3}.Debug|Any CPU.ActiveCfg = Debug|Any CPU
		{19B3428B-AAA6-4224-9E67-2C496242B7A3}.Debug|Any CPU.Build.0 = Debug|Any CPU
		{19B3428B-AAA6-4224-9E67-2C496242B7A3}.Release|Any CPU.ActiveCfg = Release|Any CPU
		{19B3428B-AAA6-4224-9E67-2C496242B7A3}.Release|Any CPU.Build.0 = Release|Any CPU
	EndGlobalSection
	GlobalSection(SolutionProperties) = preSolution
		HideSolutionNode = FALSE
	EndGlobalSection
	GlobalSection(ExtensibilityGlobals) = postSolution
		SolutionGuid = {2B031FB6-3495-4E15-A7E6-D928D7C074AA}
	EndGlobalSection
EndGlobal
